// !$*UTF8*$!
{
	archiveVersion = 1;
	classes = {
	};
	objectVersion = 50;
	objects = {

/* Begin PBXBuildFile section */
		6C581E912132A29E005ACF0E /* AppDelegate.swift in Sources */ = {isa = PBXBuildFile; fileRef = 6C581E902132A29E005ACF0E /* AppDelegate.swift */; };
		6C581E932132A29E005ACF0E /* ViewController.swift in Sources */ = {isa = PBXBuildFile; fileRef = 6C581E922132A29E005ACF0E /* ViewController.swift */; };
		6C581E962132A29E005ACF0E /* Main.storyboard in Resources */ = {isa = PBXBuildFile; fileRef = 6C581E942132A29E005ACF0E /* Main.storyboard */; };
		6C581E982132A29F005ACF0E /* Assets.xcassets in Resources */ = {isa = PBXBuildFile; fileRef = 6C581E972132A29F005ACF0E /* Assets.xcassets */; };
		6C581E9B2132A29F005ACF0E /* LaunchScreen.storyboard in Resources */ = {isa = PBXBuildFile; fileRef = 6C581E992132A29F005ACF0E /* LaunchScreen.storyboard */; };
		6C581EA62132A29F005ACF0E /* FoodTrackerTests.swift in Sources */ = {isa = PBXBuildFile; fileRef = 6C581EA52132A29F005ACF0E /* FoodTrackerTests.swift */; };
		6C581EB12132A29F005ACF0E /* FoodTrackerUITests.swift in Sources */ = {isa = PBXBuildFile; fileRef = 6C581EB02132A29F005ACF0E /* FoodTrackerUITests.swift */; };
/* End PBXBuildFile section */

/* Begin PBXContainerItemProxy section */
		6C581EA22132A29F005ACF0E /* PBXContainerItemProxy */ = {
			isa = PBXContainerItemProxy;
			containerPortal = 6C581E852132A29D005ACF0E /* Project object */;
			proxyType = 1;
			remoteGlobalIDString = 6C581E8C2132A29E005ACF0E;
			remoteInfo = FoodTracker;
		};
		6C581EAD2132A29F005ACF0E /* PBXContainerItemProxy */ = {
			isa = PBXContainerItemProxy;
			containerPortal = 6C581E852132A29D005ACF0E /* Project object */;
			proxyType = 1;
			remoteGlobalIDString = 6C581E8C2132A29E005ACF0E;
			remoteInfo = FoodTracker;
		};
/* End PBXContainerItemProxy section */

/* Begin PBXFileReference section */
		6C581E8D2132A29E005ACF0E /* FoodTracker.app */ = {isa = PBXFileReference; explicitFileType = wrapper.application; includeInIndex = 0; path = FoodTracker.app; sourceTree = BUILT_PRODUCTS_DIR; };
		6C581E902132A29E005ACF0E /* AppDelegate.swift */ = {isa = PBXFileReference; lastKnownFileType = sourcecode.swift; path = AppDelegate.swift; sourceTree = "<group>"; };
		6C581E922132A29E005ACF0E /* ViewController.swift */ = {isa = PBXFileReference; lastKnownFileType = sourcecode.swift; path = ViewController.swift; sourceTree = "<group>"; };
		6C581E952132A29E005ACF0E /* Base */ = {isa = PBXFileReference; lastKnownFileType = file.storyboard; name = Base; path = Base.lproj/Main.storyboard; sourceTree = "<group>"; };
		6C581E972132A29F005ACF0E /* Assets.xcassets */ = {isa = PBXFileReference; lastKnownFileType = folder.assetcatalog; path = Assets.xcassets; sourceTree = "<group>"; };
		6C581E9A2132A29F005ACF0E /* Base */ = {isa = PBXFileReference; lastKnownFileType = file.storyboard; name = Base; path = Base.lproj/LaunchScreen.storyboard; sourceTree = "<group>"; };
		6C581E9C2132A29F005ACF0E /* Info.plist */ = {isa = PBXFileReference; lastKnownFileType = text.plist.xml; path = Info.plist; sourceTree = "<group>"; };
		6C581EA12132A29F005ACF0E /* FoodTrackerTests.xctest */ = {isa = PBXFileReference; explicitFileType = wrapper.cfbundle; includeInIndex = 0; path = FoodTrackerTests.xctest; sourceTree = BUILT_PRODUCTS_DIR; };
		6C581EA52132A29F005ACF0E /* FoodTrackerTests.swift */ = {isa = PBXFileReference; lastKnownFileType = sourcecode.swift; path = FoodTrackerTests.swift; sourceTree = "<group>"; };
		6C581EA72132A29F005ACF0E /* Info.plist */ = {isa = PBXFileReference; lastKnownFileType = text.plist.xml; path = Info.plist; sourceTree = "<group>"; };
		6C581EAC2132A29F005ACF0E /* FoodTrackerUITests.xctest */ = {isa = PBXFileReference; explicitFileType = wrapper.cfbundle; includeInIndex = 0; path = FoodTrackerUITests.xctest; sourceTree = BUILT_PRODUCTS_DIR; };
		6C581EB02132A29F005ACF0E /* FoodTrackerUITests.swift */ = {isa = PBXFileReference; lastKnownFileType = sourcecode.swift; path = FoodTrackerUITests.swift; sourceTree = "<group>"; };
		6C581EB22132A29F005ACF0E /* Info.plist */ = {isa = PBXFileReference; lastKnownFileType = text.plist.xml; path = Info.plist; sourceTree = "<group>"; };
/* End PBXFileReference section */

/* Begin PBXFrameworksBuildPhase section */
		6C581E8A2132A29E005ACF0E /* Frameworks */ = {
			isa = PBXFrameworksBuildPhase;
			buildActionMask = 2147483647;
			files = (
			);
			runOnlyForDeploymentPostprocessing = 0;
		};
		6C581E9E2132A29F005ACF0E /* Frameworks */ = {
			isa = PBXFrameworksBuildPhase;
			buildActionMask = 2147483647;
			files = (
			);
			runOnlyForDeploymentPostprocessing = 0;
		};
		6C581EA92132A29F005ACF0E /* Frameworks */ = {
			isa = PBXFrameworksBuildPhase;
			buildActionMask = 2147483647;
			files = (
			);
			runOnlyForDeploymentPostprocessing = 0;
		};
/* End PBXFrameworksBuildPhase section */

/* Begin PBXGroup section */
		6C581E842132A29D005ACF0E = {
			isa = PBXGroup;
			children = (
				6C581E8F2132A29E005ACF0E /* FoodTracker */,
				6C581EA42132A29F005ACF0E /* FoodTrackerTests */,
				6C581EAF2132A29F005ACF0E /* FoodTrackerUITests */,
				6C581E8E2132A29E005ACF0E /* Products */,
			);
			sourceTree = "<group>";
		};
		6C581E8E2132A29E005ACF0E /* Products */ = {
			isa = PBXGroup;
			children = (
				6C581E8D2132A29E005ACF0E /* FoodTracker.app */,
				6C581EA12132A29F005ACF0E /* FoodTrackerTests.xctest */,
				6C581EAC2132A29F005ACF0E /* FoodTrackerUITests.xctest */,
			);
			name = Products;
			sourceTree = "<group>";
		};
		6C581E8F2132A29E005ACF0E /* FoodTracker */ = {
			isa = PBXGroup;
			children = (
				6C581E902132A29E005ACF0E /* AppDelegate.swift */,
				6C581E922132A29E005ACF0E /* ViewController.swift */,
				6C581E942132A29E005ACF0E /* Main.storyboard */,
				6C581E972132A29F005ACF0E /* Assets.xcassets */,
				6C581E992132A29F005ACF0E /* LaunchScreen.storyboard */,
				6C581E9C2132A29F005ACF0E /* Info.plist */,
			);
			path = FoodTracker;
			sourceTree = "<group>";
		};
		6C581EA42132A29F005ACF0E /* FoodTrackerTests */ = {
			isa = PBXGroup;
			children = (
				6C581EA52132A29F005ACF0E /* FoodTrackerTests.swift */,
				6C581EA72132A29F005ACF0E /* Info.plist */,
			);
			path = FoodTrackerTests;
			sourceTree = "<group>";
		};
		6C581EAF2132A29F005ACF0E /* FoodTrackerUITests */ = {
			isa = PBXGroup;
			children = (
				6C581EB02132A29F005ACF0E /* FoodTrackerUITests.swift */,
				6C581EB22132A29F005ACF0E /* Info.plist */,
			);
			path = FoodTrackerUITests;
			sourceTree = "<group>";
		};
/* End PBXGroup section */

/* Begin PBXNativeTarget section */
		6C581E8C2132A29E005ACF0E /* FoodTracker */ = {
			isa = PBXNativeTarget;
			buildConfigurationList = 6C581EB52132A29F005ACF0E /* Build configuration list for PBXNativeTarget "FoodTracker" */;
			buildPhases = (
				6C581E892132A29E005ACF0E /* Sources */,
				6C581E8A2132A29E005ACF0E /* Frameworks */,
				6C581E8B2132A29E005ACF0E /* Resources */,
			);
			buildRules = (
			);
			dependencies = (
			);
			name = FoodTracker;
			productName = FoodTracker;
			productReference = 6C581E8D2132A29E005ACF0E /* FoodTracker.app */;
			productType = "com.apple.product-type.application";
		};
		6C581EA02132A29F005ACF0E /* FoodTrackerTests */ = {
			isa = PBXNativeTarget;
			buildConfigurationList = 6C581EB82132A29F005ACF0E /* Build configuration list for PBXNativeTarget "FoodTrackerTests" */;
			buildPhases = (
				6C581E9D2132A29F005ACF0E /* Sources */,
				6C581E9E2132A29F005ACF0E /* Frameworks */,
				6C581E9F2132A29F005ACF0E /* Resources */,
			);
			buildRules = (
			);
			dependencies = (
				6C581EA32132A29F005ACF0E /* PBXTargetDependency */,
			);
			name = FoodTrackerTests;
			productName = FoodTrackerTests;
			productReference = 6C581EA12132A29F005ACF0E /* FoodTrackerTests.xctest */;
			productType = "com.apple.product-type.bundle.unit-test";
		};
		6C581EAB2132A29F005ACF0E /* FoodTrackerUITests */ = {
			isa = PBXNativeTarget;
			buildConfigurationList = 6C581EBB2132A29F005ACF0E /* Build configuration list for PBXNativeTarget "FoodTrackerUITests" */;
			buildPhases = (
				6C581EA82132A29F005ACF0E /* Sources */,
				6C581EA92132A29F005ACF0E /* Frameworks */,
				6C581EAA2132A29F005ACF0E /* Resources */,
			);
			buildRules = (
			);
			dependencies = (
				6C581EAE2132A29F005ACF0E /* PBXTargetDependency */,
			);
			name = FoodTrackerUITests;
			productName = FoodTrackerUITests;
			productReference = 6C581EAC2132A29F005ACF0E /* FoodTrackerUITests.xctest */;
			productType = "com.apple.product-type.bundle.ui-testing";
		};
/* End PBXNativeTarget section */

/* Begin PBXProject section */
		6C581E852132A29D005ACF0E /* Project object */ = {
			isa = PBXProject;
			attributes = {
				LastSwiftUpdateCheck = 0940;
				LastUpgradeCheck = 0940;
				ORGANIZATIONNAME = "高腾";
				TargetAttributes = {
					6C581E8C2132A29E005ACF0E = {
						CreatedOnToolsVersion = 9.4.1;
					};
					6C581EA02132A29F005ACF0E = {
						CreatedOnToolsVersion = 9.4.1;
						TestTargetID = 6C581E8C2132A29E005ACF0E;
					};
					6C581EAB2132A29F005ACF0E = {
						CreatedOnToolsVersion = 9.4.1;
						TestTargetID = 6C581E8C2132A29E005ACF0E;
					};
				};
			};
			buildConfigurationList = 6C581E882132A29D005ACF0E /* Build configuration list for PBXProject "FoodTracker" */;
			compatibilityVersion = "Xcode 9.3";
			developmentRegion = en;
			hasScannedForEncodings = 0;
			knownRegions = (
				en,
				Base,
			);
			mainGroup = 6C581E842132A29D005ACF0E;
			productRefGroup = 6C581E8E2132A29E005ACF0E /* Products */;
			projectDirPath = "";
			projectRoot = "";
			targets = (
				6C581E8C2132A29E005ACF0E /* FoodTracker */,
				6C581EA02132A29F005ACF0E /* FoodTrackerTests */,
				6C581EAB2132A29F005ACF0E /* FoodTrackerUITests */,
			);
		};
/* End PBXProject section */

/* Begin PBXResourcesBuildPhase section */
		6C581E8B2132A29E005ACF0E /* Resources */ = {
			isa = PBXResourcesBuildPhase;
			buildActionMask = 2147483647;
			files = (
				6C581E9B2132A29F005ACF0E /* LaunchScreen.storyboard in Resources */,
				6C581E982132A29F005ACF0E /* Assets.xcassets in Resources */,
				6C581E962132A29E005ACF0E /* Main.storyboard in Resources */,
			);
			runOnlyForDeploymentPostprocessing = 0;
		};
		6C581E9F2132A29F005ACF0E /* Resources */ = {
			isa = PBXResourcesBuildPhase;
			buildActionMask = 2147483647;
			files = (
			);
			runOnlyForDeploymentPostprocessing = 0;
		};
		6C581EAA2132A29F005ACF0E /* Resources */ = {
			isa = PBXResourcesBuildPhase;
			buildActionMask = 2147483647;
			files = (
			);
			runOnlyForDeploymentPostprocessing = 0;
		};
/* End PBXResourcesBuildPhase section */

/* Begin PBXSourcesBuildPhase section */
		6C581E892132A29E005ACF0E /* Sources */ = {
			isa = PBXSourcesBuildPhase;
			buildActionMask = 2147483647;
			files = (
				6C581E932132A29E005ACF0E /* ViewController.swift in Sources */,
				6C581E912132A29E005ACF0E /* AppDelegate.swift in Sources */,
			);
			runOnlyForDeploymentPostprocessing = 0;
		};
		6C581E9D2132A29F005ACF0E /* Sources */ = {
			isa = PBXSourcesBuildPhase;
			buildActionMask = 2147483647;
			files = (
				6C581EA62132A29F005ACF0E /* FoodTrackerTests.swift in Sources */,
			);
			runOnlyForDeploymentPostprocessing = 0;
		};
		6C581EA82132A29F005ACF0E /* Sources */ = {
			isa = PBXSourcesBuildPhase;
			buildActionMask = 2147483647;
			files = (
				6C581EB12132A29F005ACF0E /* FoodTrackerUITests.swift in Sources */,
			);
			runOnlyForDeploymentPostprocessing = 0;
		};
/* End PBXSourcesBuildPhase section */

/* Begin PBXTargetDependency section */
		6C581EA32132A29F005ACF0E /* PBXTargetDependency */ = {
			isa = PBXTargetDependency;
			target = 6C581E8C2132A29E005ACF0E /* FoodTracker */;
			targetProxy = 6C581EA22132A29F005ACF0E /* PBXContainerItemProxy */;
		};
		6C581EAE2132A29F005ACF0E /* PBXTargetDependency */ = {
			isa = PBXTargetDependency;
			target = 6C581E8C2132A29E005ACF0E /* FoodTracker */;
			targetProxy = 6C581EAD2132A29F005ACF0E /* PBXContainerItemProxy */;
		};
/* End PBXTargetDependency section */

/* Begin PBXVariantGroup section */
		6C581E942132A29E005ACF0E /* Main.storyboard */ = {
			isa = PBXVariantGroup;
			children = (
				6C581E952132A29E005ACF0E /* Base */,
			);
			name = Main.storyboard;
			sourceTree = "<group>";
		};
		6C581E992132A29F005ACF0E /* LaunchScreen.storyboard */ = {
			isa = PBXVariantGroup;
			children = (
				6C581E9A2132A29F005ACF0E /* Base */,
			);
			name = LaunchScreen.storyboard;
			sourceTree = "<group>";
		};
/* End PBXVariantGroup section */

/* Begin XCBuildConfiguration section */
		6C581EB32132A29F005ACF0E /* Debug */ = {
			isa = XCBuildConfiguration;
			buildSettings = {
				ALWAYS_SEARCH_USER_PATHS = NO;
				CLANG_ANALYZER_NONNULL = YES;
				CLANG_ANALYZER_NUMBER_OBJECT_CONVERSION = YES_AGGRESSIVE;
				CLANG_CXX_LANGUAGE_STANDARD = "gnu++14";
				CLANG_CXX_LIBRARY = "libc++";
				CLANG_ENABLE_MODULES = YES;
				CLANG_ENABLE_OBJC_ARC = YES;
				CLANG_ENABLE_OBJC_WEAK = YES;
				CLANG_WARN_BLOCK_CAPTURE_AUTORELEASING = YES;
				CLANG_WARN_BOOL_CONVERSION = YES;
				CLANG_WARN_COMMA = YES;
				CLANG_WARN_CONSTANT_CONVERSION = YES;
				CLANG_WARN_DEPRECATED_OBJC_IMPLEMENTATIONS = YES;
				CLANG_WARN_DIRECT_OBJC_ISA_USAGE = YES_ERROR;
				CLANG_WARN_DOCUMENTATION_COMMENTS = YES;
				CLANG_WARN_EMPTY_BODY = YES;
				CLANG_WARN_ENUM_CONVERSION = YES;
				CLANG_WARN_INFINITE_RECURSION = YES;
				CLANG_WARN_INT_CONVERSION = YES;
				CLANG_WARN_NON_LITERAL_NULL_CONVERSION = YES;
				CLANG_WARN_OBJC_IMPLICIT_RETAIN_SELF = YES;
				CLANG_WARN_OBJC_LITERAL_CONVERSION = YES;
				CLANG_WARN_OBJC_ROOT_CLASS = YES_ERROR;
				CLANG_WARN_RANGE_LOOP_ANALYSIS = YES;
				CLANG_WARN_STRICT_PROTOTYPES = YES;
				CLANG_WARN_SUSPICIOUS_MOVE = YES;
				CLANG_WARN_UNGUARDED_AVAILABILITY = YES_AGGRESSIVE;
				CLANG_WARN_UNREACHABLE_CODE = YES;
				CLANG_WARN__DUPLICATE_METHOD_MATCH = YES;
				CODE_SIGN_IDENTITY = "iPhone Developer";
				COPY_PHASE_STRIP = NO;
				DEBUG_INFORMATION_FORMAT = dwarf;
				ENABLE_STRICT_OBJC_MSGSEND = YES;
				ENABLE_TESTABILITY = YES;
				GCC_C_LANGUAGE_STANDARD = gnu11;
				GCC_DYNAMIC_NO_PIC = NO;
				GCC_NO_COMMON_BLOCKS = YES;
				GCC_OPTIMIZATION_LEVEL = 0;
				GCC_PREPROCESSOR_DEFINITIONS = (
					"DEBUG=1",
					"$(inherited)",
				);
				GCC_WARN_64_TO_32_BIT_CONVERSION = YES;
				GCC_WARN_ABOUT_RETURN_TYPE = YES_ERROR;
				GCC_WARN_UNDECLARED_SELECTOR = YES;
				GCC_WARN_UNINITIALIZED_AUTOS = YES_AGGRESSIVE;
				GCC_WARN_UNUSED_FUNCTION = YES;
				GCC_WARN_UNUSED_VARIABLE = YES;
				IPHONEOS_DEPLOYMENT_TARGET = 11.4;
				MTL_ENABLE_DEBUG_INFO = YES;
				ONLY_ACTIVE_ARCH = YES;
				SDKROOT = iphoneos;
				SWIFT_ACTIVE_COMPILATION_CONDITIONS = DEBUG;
				SWIFT_OPTIMIZATION_LEVEL = "-Onone";
			};
			name = Debug;
		};
		6C581EB42132A29F005ACF0E /* Release */ = {
			isa = XCBuildConfiguration;
			buildSettings = {
				ALWAYS_SEARCH_USER_PATHS = NO;
				CLANG_ANALYZER_NONNULL = YES;
				CLANG_ANALYZER_NUMBER_OBJECT_CONVERSION = YES_AGGRESSIVE;
				CLANG_CXX_LANGUAGE_STANDARD = "gnu++14";
				CLANG_CXX_LIBRARY = "libc++";
				CLANG_ENABLE_MODULES = YES;
				CLANG_ENABLE_OBJC_ARC = YES;
				CLANG_ENABLE_OBJC_WEAK = YES;
				CLANG_WARN_BLOCK_CAPTURE_AUTORELEASING = YES;
				CLANG_WARN_BOOL_CONVERSION = YES;
				CLANG_WARN_COMMA = YES;
				CLANG_WARN_CONSTANT_CONVERSION = YES;
				CLANG_WARN_DEPRECATED_OBJC_IMPLEMENTATIONS = YES;
				CLANG_WARN_DIRECT_OBJC_ISA_USAGE = YES_ERROR;
				CLANG_WARN_DOCUMENTATION_COMMENTS = YES;
				CLANG_WARN_EMPTY_BODY = YES;
				CLANG_WARN_ENUM_CONVERSION = YES;
				CLANG_WARN_INFINITE_RECURSION = YES;
				CLANG_WARN_INT_CONVERSION = YES;
				CLANG_WARN_NON_LITERAL_NULL_CONVERSION = YES;
				CLANG_WARN_OBJC_IMPLICIT_RETAIN_SELF = YES;
				CLANG_WARN_OBJC_LITERAL_CONVERSION = YES;
				CLANG_WARN_OBJC_ROOT_CLASS = YES_ERROR;
				CLANG_WARN_RANGE_LOOP_ANALYSIS = YES;
				CLANG_WARN_STRICT_PROTOTYPES = YES;
				CLANG_WARN_SUSPICIOUS_MOVE = YES;
				CLANG_WARN_UNGUARDED_AVAILABILITY = YES_AGGRESSIVE;
				CLANG_WARN_UNREACHABLE_CODE = YES;
				CLANG_WARN__DUPLICATE_METHOD_MATCH = YES;
				CODE_SIGN_IDENTITY = "iPhone Developer";
				COPY_PHASE_STRIP = NO;
				DEBUG_INFORMATION_FORMAT = "dwarf-with-dsym";
				ENABLE_NS_ASSERTIONS = NO;
				ENABLE_STRICT_OBJC_MSGSEND = YES;
				GCC_C_LANGUAGE_STANDARD = gnu11;
				GCC_NO_COMMON_BLOCKS = YES;
				GCC_WARN_64_TO_32_BIT_CONVERSION = YES;
				GCC_WARN_ABOUT_RETURN_TYPE = YES_ERROR;
				GCC_WARN_UNDECLARED_SELECTOR = YES;
				GCC_WARN_UNINITIALIZED_AUTOS = YES_AGGRESSIVE;
				GCC_WARN_UNUSED_FUNCTION = YES;
				GCC_WARN_UNUSED_VARIABLE = YES;
				IPHONEOS_DEPLOYMENT_TARGET = 11.4;
				MTL_ENABLE_DEBUG_INFO = NO;
				SDKROOT = iphoneos;
				SWIFT_COMPILATION_MODE = wholemodule;
				SWIFT_OPTIMIZATION_LEVEL = "-O";
				VALIDATE_PRODUCT = YES;
			};
			name = Release;
		};
		6C581EB62132A29F005ACF0E /* Debug */ = {
			isa = XCBuildConfiguration;
			buildSettings = {
				ASSETCATALOG_COMPILER_APPICON_NAME = AppIcon;
				CODE_SIGN_STYLE = Automatic;
				DEVELOPMENT_TEAM = 6ZDWLLUAUB;
				INFOPLIST_FILE = FoodTracker/Info.plist;
				LD_RUNPATH_SEARCH_PATHS = (
					"$(inherited)",
					"@executable_path/Frameworks",
				);
				PRODUCT_BUNDLE_IDENTIFIER = com.tenggao.FoodTracker;
				PRODUCT_NAME = "$(TARGET_NAME)";
				SWIFT_VERSION = 4.0;
				TARGETED_DEVICE_FAMILY = "1,2";
			};
			name = Debug;
		};
		6C581EB72132A29F005ACF0E /* Release */ = {
			isa = XCBuildConfiguration;
			buildSettings = {
				ASSETCATALOG_COMPILER_APPICON_NAME = AppIcon;
				CODE_SIGN_STYLE = Automatic;
				DEVELOPMENT_TEAM = 6ZDWLLUAUB;
				INFOPLIST_FILE = FoodTracker/Info.plist;
				LD_RUNPATH_SEARCH_PATHS = (
					"$(inherited)",
					"@executable_path/Frameworks",
				);
				PRODUCT_BUNDLE_IDENTIFIER = com.tenggao.FoodTracker;
				PRODUCT_NAME = "$(TARGET_NAME)";
				SWIFT_VERSION = 4.0;
				TARGETED_DEVICE_FAMILY = "1,2";
			};
			name = Release;
		};
		6C581EB92132A29F005ACF0E /* Debug */ = {
			isa = XCBuildConfiguration;
			buildSettings = {
				ALWAYS_EMBED_SWIFT_STANDARD_LIBRARIES = YES;
				BUNDLE_LOADER = "$(TEST_HOST)";
				CODE_SIGN_STYLE = Automatic;
				DEVELOPMENT_TEAM = 6ZDWLLUAUB;
				INFOPLIST_FILE = FoodTrackerTests/Info.plist;
				LD_RUNPATH_SEARCH_PATHS = (
					"$(inherited)",
					"@executable_path/Frameworks",
					"@loader_path/Frameworks",
				);
				PRODUCT_BUNDLE_IDENTIFIER = com.tenggao.FoodTrackerTests;
				PRODUCT_NAME = "$(TARGET_NAME)";
				SWIFT_VERSION = 4.0;
				TARGETED_DEVICE_FAMILY = "1,2";
				TEST_HOST = "$(BUILT_PRODUCTS_DIR)/FoodTracker.app/FoodTracker";
			};
			name = Debug;
		};
		6C581EBA2132A29F005ACF0E /* Release */ = {
			isa = XCBuildConfiguration;
			buildSettings = {
				ALWAYS_EMBED_SWIFT_STANDARD_LIBRARIES = YES;
				BUNDLE_LOADER = "$(TEST_HOST)";
				CODE_SIGN_STYLE = Automatic;
				DEVELOPMENT_TEAM = 6ZDWLLUAUB;
				INFOPLIST_FILE = FoodTrackerTests/Info.plist;
				LD_RUNPATH_SEARCH_PATHS = (
					"$(inherited)",
					"@executable_path/Frameworks",
					"@loader_path/Frameworks",
				);
				PRODUCT_BUNDLE_IDENTIFIER = com.tenggao.FoodTrackerTests;
				PRODUCT_NAME = "$(TARGET_NAME)";
				SWIFT_VERSION = 4.0;
				TARGETED_DEVICE_FAMILY = "1,2";
				TEST_HOST = "$(BUILT_PRODUCTS_DIR)/FoodTracker.app/FoodTracker";
			};
			name = Release;
		};
		6C581EBC2132A29F005ACF0E /* Debug */ = {
			isa = XCBuildConfiguration;
			buildSettings = {
				ALWAYS_EMBED_SWIFT_STANDARD_LIBRARIES = YES;
				CODE_SIGN_STYLE = Automatic;
				DEVELOPMENT_TEAM = 6ZDWLLUAUB;
				INFOPLIST_FILE = FoodTrackerUITests/Info.plist;
				LD_RUNPATH_SEARCH_PATHS = (
					"$(inherited)",
					"@executable_path/Frameworks",
					"@loader_path/Frameworks",
				);
				PRODUCT_BUNDLE_IDENTIFIER = com.tenggao.FoodTrackerUITests;
				PRODUCT_NAME = "$(TARGET_NAME)";
				SWIFT_VERSION = 4.0;
				TARGETED_DEVICE_FAMILY = "1,2";
				TEST_TARGET_NAME = FoodTracker;
			};
			name = Debug;
		};
		6C581EBD2132A29F005ACF0E /* Release */ = {
			isa = XCBuildConfiguration;
			buildSettings = {
				ALWAYS_EMBED_SWIFT_STANDARD_LIBRARIES = YES;
				CODE_SIGN_STYLE = Automatic;
				DEVELOPMENT_TEAM = 6ZDWLLUAUB;
				INFOPLIST_FILE = FoodTrackerUITests/Info.plist;
				LD_RUNPATH_SEARCH_PATHS = (
					"$(inherited)",
					"@executable_path/Frameworks",
					"@loader_path/Frameworks",
				);
				PRODUCT_BUNDLE_IDENTIFIER = com.tenggao.FoodTrackerUITests;
				PRODUCT_NAME = "$(TARGET_NAME)";
				SWIFT_VERSION = 4.0;
				TARGETED_DEVICE_FAMILY = "1,2";
				TEST_TARGET_NAME = FoodTracker;
			};
			name = Release;
		};
/* End XCBuildConfiguration section */

/* Begin XCConfigurationList section */
		6C581E882132A29D005ACF0E /* Build configuration list for PBXProject "FoodTracker" */ = {
			isa = XCConfigurationList;
			buildConfigurations = (
				6C581EB32132A29F005ACF0E /* Debug */,
				6C581EB42132A29F005ACF0E /* Release */,
			);
			defaultConfigurationIsVisible = 0;
			defaultConfigurationName = Release;
		};
		6C581EB52132A29F005ACF0E /* Build configuration list for PBXNativeTarget "FoodTracker" */ = {
			isa = XCConfigurationList;
			buildConfigurations = (
				6C581EB62132A29F005ACF0E /* Debug */,
				6C581EB72132A29F005ACF0E /* Release */,
			);
			defaultConfigurationIsVisible = 0;
			defaultConfigurationName = Release;
		};
		6C581EB82132A29F005ACF0E /* Build configuration list for PBXNativeTarget "FoodTrackerTests" */ = {
			isa = XCConfigurationList;
			buildConfigurations = (
				6C581EB92132A29F005ACF0E /* Debug */,
				6C581EBA2132A29F005ACF0E /* Release */,
			);
			defaultConfigurationIsVisible = 0;
			defaultConfigurationName = Release;
		};
		6C581EBB2132A29F005ACF0E /* Build configuration list for PBXNativeTarget "FoodTrackerUITests" */ = {
			isa = XCConfigurationList;
			buildConfigurations = (
				6C581EBC2132A29F005ACF0E /* Debug */,
				6C581EBD2132A29F005ACF0E /* Release */,
			);
			defaultConfigurationIsVisible = 0;
			defaultConfigurationName = Release;
		};
/* End XCConfigurationList section */
	};
	rootObject = 6C581E852132A29D005ACF0E /* Project object */;
}
